
Microsoft Visual Studio Solution File, Format Version 12.00
# Visual Studio Version 16
VisualStudioVersion = 16.6.30114.105
MinimumVisualStudioVersion = 10.0.40219.1
Project("{9A19103F-16F7-4668-BE54-9A1E7A4F7556}") = "AzBatch.Abstractions", "AzBatch.Abstractions\AzBatch.Abstractions.csproj", "{D6D8F16C-E4BE-45B1-96CF-14E2379FEAE0}"
EndProject
Project("{9A19103F-16F7-4668-BE54-9A1E7A4F7556}") = "AzBatch.Infrastructure", "AzBatch.Infrastructure\AzBatch.Infrastructure.csproj", "{7EC2A100-87B1-4562-B763-B9CE3A2FF37E}"
EndProject
Project("{9A19103F-16F7-4668-BE54-9A1E7A4F7556}") = "AzBatch.Api", "AzBatch.Api\AzBatch.Api.csproj", "{B86D5CA9-8EE0-44CE-9081-EF29E9975479}"
EndProject
Project("{2150E333-8FDC-42A3-9474-1A3956D46DE8}") = "deploy", "deploy", "{BD78AE93-B75C-454A-B813-695A28CA909C}"
	ProjectSection(SolutionItems) = preProject
		deploy\BatchAccount.bicep = deploy\BatchAccount.bicep
		deploy\deploy.ps1 = deploy\deploy.ps1
		deploy\Main.bicep = deploy\Main.bicep
		deploy\parameters.dev.json = deploy\parameters.dev.json
	EndProjectSection
EndProject
Project("{9A19103F-16F7-4668-BE54-9A1E7A4F7556}") = "AzBatch.Management.Api", "AzBatch.Management.Api\AzBatch.Management.Api.csproj", "{8B72DFEB-3BD7-46C1-9286-BDF3C29ADEFC}"
EndProject
Project("{9A19103F-16F7-4668-BE54-9A1E7A4F7556}") = "AzBatch.Management.Abstractions", "AzBatch.Management.Abstractions\AzBatch.Management.Abstractions.csproj", "{1B4A08C5-B744-4676-B8C9-C752BE91EAF9}"
EndProject
Project("{9A19103F-16F7-4668-BE54-9A1E7A4F7556}") = "AzBatch.Management.Infrastructure", "AzBatch.Management.Infrastructure\AzBatch.Management.Infrastructure.csproj", "{B8993BE0-61FF-443E-A809-311229D6DEF0}"
EndProject
Project("{9A19103F-16F7-4668-BE54-9A1E7A4F7556}") = "NetflixDataPreprocessor", "NetflixDataPreprocessor\NetflixDataPreprocessor.csproj", "{52889AFC-CC88-4CEE-9FF3-D88FD79B0502}"
EndProject
Project("{2150E333-8FDC-42A3-9474-1A3956D46DE8}") = "apps", "apps", "{D9DBC00D-FDA0-40D4-B4A9-C808516E529A}"
EndProject
Project("{2150E333-8FDC-42A3-9474-1A3956D46DE8}") = "data", "data", "{C64A638F-AB45-42EF-9373-C7B16E12C4CF}"
	ProjectSection(SolutionItems) = preProject
		data\netflix-files.zip = data\netflix-files.zip
	EndProjectSection
EndProject
Project("{FAE04EC0-301F-11D3-BF4B-00C04F79EFBC}") = "CastCounter", "CastCounter\CastCounter.csproj", "{F3A608BF-D382-471C-864E-5DEF49D25315}"
EndProject
Global
	GlobalSection(SolutionConfigurationPlatforms) = preSolution
		Debug|Any CPU = Debug|Any CPU
		Debug|x64 = Debug|x64
		Debug|x86 = Debug|x86
		Release|Any CPU = Release|Any CPU
		Release|x64 = Release|x64
		Release|x86 = Release|x86
	EndGlobalSection
	GlobalSection(ProjectConfigurationPlatforms) = postSolution
		{D6D8F16C-E4BE-45B1-96CF-14E2379FEAE0}.Debug|Any CPU.ActiveCfg = Debug|Any CPU
		{D6D8F16C-E4BE-45B1-96CF-14E2379FEAE0}.Debug|Any CPU.Build.0 = Debug|Any CPU
		{D6D8F16C-E4BE-45B1-96CF-14E2379FEAE0}.Debug|x64.ActiveCfg = Debug|Any CPU
		{D6D8F16C-E4BE-45B1-96CF-14E2379FEAE0}.Debug|x64.Build.0 = Debug|Any CPU
		{D6D8F16C-E4BE-45B1-96CF-14E2379FEAE0}.Debug|x86.ActiveCfg = Debug|Any CPU
		{D6D8F16C-E4BE-45B1-96CF-14E2379FEAE0}.Debug|x86.Build.0 = Debug|Any CPU
		{D6D8F16C-E4BE-45B1-96CF-14E2379FEAE0}.Release|Any CPU.ActiveCfg = Release|Any CPU
		{D6D8F16C-E4BE-45B1-96CF-14E2379FEAE0}.Release|Any CPU.Build.0 = Release|Any CPU
		{D6D8F16C-E4BE-45B1-96CF-14E2379FEAE0}.Release|x64.ActiveCfg = Release|Any CPU
		{D6D8F16C-E4BE-45B1-96CF-14E2379FEAE0}.Release|x64.Build.0 = Release|Any CPU
		{D6D8F16C-E4BE-45B1-96CF-14E2379FEAE0}.Release|x86.ActiveCfg = Release|Any CPU
		{D6D8F16C-E4BE-45B1-96CF-14E2379FEAE0}.Release|x86.Build.0 = Release|Any CPU
		{7EC2A100-87B1-4562-B763-B9CE3A2FF37E}.Debug|Any CPU.ActiveCfg = Debug|Any CPU
		{7EC2A100-87B1-4562-B763-B9CE3A2FF37E}.Debug|Any CPU.Build.0 = Debug|Any CPU
		{7EC2A100-87B1-4562-B763-B9CE3A2FF37E}.Debug|x64.ActiveCfg = Debug|Any CPU
		{7EC2A100-87B1-4562-B763-B9CE3A2FF37E}.Debug|x64.Build.0 = Debug|Any CPU
		{7EC2A100-87B1-4562-B763-B9CE3A2FF37E}.Debug|x86.ActiveCfg = Debug|Any CPU
		{7EC2A100-87B1-4562-B763-B9CE3A2FF37E}.Debug|x86.Build.0 = Debug|Any CPU
		{7EC2A100-87B1-4562-B763-B9CE3A2FF37E}.Release|Any CPU.ActiveCfg = Release|Any CPU
		{7EC2A100-87B1-4562-B763-B9CE3A2FF37E}.Release|Any CPU.Build.0 = Release|Any CPU
		{7EC2A100-87B1-4562-B763-B9CE3A2FF37E}.Release|x64.ActiveCfg = Release|Any CPU
		{7EC2A100-87B1-4562-B763-B9CE3A2FF37E}.Release|x64.Build.0 = Release|Any CPU
		{7EC2A100-87B1-4562-B763-B9CE3A2FF37E}.Release|x86.ActiveCfg = Release|Any CPU
		{7EC2A100-87B1-4562-B763-B9CE3A2FF37E}.Release|x86.Build.0 = Release|Any CPU
		{B86D5CA9-8EE0-44CE-9081-EF29E9975479}.Debug|Any CPU.ActiveCfg = Debug|Any CPU
		{B86D5CA9-8EE0-44CE-9081-EF29E9975479}.Debug|Any CPU.Build.0 = Debug|Any CPU
		{B86D5CA9-8EE0-44CE-9081-EF29E9975479}.Debug|x64.ActiveCfg = Debug|Any CPU
		{B86D5CA9-8EE0-44CE-9081-EF29E9975479}.Debug|x64.Build.0 = Debug|Any CPU
		{B86D5CA9-8EE0-44CE-9081-EF29E9975479}.Debug|x86.ActiveCfg = Debug|Any CPU
		{B86D5CA9-8EE0-44CE-9081-EF29E9975479}.Debug|x86.Build.0 = Debug|Any CPU
		{B86D5CA9-8EE0-44CE-9081-EF29E9975479}.Release|Any CPU.ActiveCfg = Release|Any CPU
		{B86D5CA9-8EE0-44CE-9081-EF29E9975479}.Release|Any CPU.Build.0 = Release|Any CPU
		{B86D5CA9-8EE0-44CE-9081-EF29E9975479}.Release|x64.ActiveCfg = Release|Any CPU
		{B86D5CA9-8EE0-44CE-9081-EF29E9975479}.Release|x64.Build.0 = Release|Any CPU
		{B86D5CA9-8EE0-44CE-9081-EF29E9975479}.Release|x86.ActiveCfg = Release|Any CPU
		{B86D5CA9-8EE0-44CE-9081-EF29E9975479}.Release|x86.Build.0 = Release|Any CPU
		{8B72DFEB-3BD7-46C1-9286-BDF3C29ADEFC}.Debug|Any CPU.ActiveCfg = Debug|Any CPU
		{8B72DFEB-3BD7-46C1-9286-BDF3C29ADEFC}.Debug|Any CPU.Build.0 = Debug|Any CPU
		{8B72DFEB-3BD7-46C1-9286-BDF3C29ADEFC}.Debug|x64.ActiveCfg = Debug|Any CPU
		{8B72DFEB-3BD7-46C1-9286-BDF3C29ADEFC}.Debug|x64.Build.0 = Debug|Any CPU
		{8B72DFEB-3BD7-46C1-9286-BDF3C29ADEFC}.Debug|x86.ActiveCfg = Debug|Any CPU
		{8B72DFEB-3BD7-46C1-9286-BDF3C29ADEFC}.Debug|x86.Build.0 = Debug|Any CPU
		{8B72DFEB-3BD7-46C1-9286-BDF3C29ADEFC}.Release|Any CPU.ActiveCfg = Release|Any CPU
		{8B72DFEB-3BD7-46C1-9286-BDF3C29ADEFC}.Release|Any CPU.Build.0 = Release|Any CPU
		{8B72DFEB-3BD7-46C1-9286-BDF3C29ADEFC}.Release|x64.ActiveCfg = Release|Any CPU
		{8B72DFEB-3BD7-46C1-9286-BDF3C29ADEFC}.Release|x64.Build.0 = Release|Any CPU
		{8B72DFEB-3BD7-46C1-9286-BDF3C29ADEFC}.Release|x86.ActiveCfg = Release|Any CPU
		{8B72DFEB-3BD7-46C1-9286-BDF3C29ADEFC}.Release|x86.Build.0 = Release|Any CPU
		{1B4A08C5-B744-4676-B8C9-C752BE91EAF9}.Debug|Any CPU.ActiveCfg = Debug|Any CPU
		{1B4A08C5-B744-4676-B8C9-C752BE91EAF9}.Debug|Any CPU.Build.0 = Debug|Any CPU
		{1B4A08C5-B744-4676-B8C9-C752BE91EAF9}.Debug|x64.ActiveCfg = Debug|Any CPU
		{1B4A08C5-B744-4676-B8C9-C752BE91EAF9}.Debug|x64.Build.0 = Debug|Any CPU
		{1B4A08C5-B744-4676-B8C9-C752BE91EAF9}.Debug|x86.ActiveCfg = Debug|Any CPU
		{1B4A08C5-B744-4676-B8C9-C752BE91EAF9}.Debug|x86.Build.0 = Debug|Any CPU
		{1B4A08C5-B744-4676-B8C9-C752BE91EAF9}.Release|Any CPU.ActiveCfg = Release|Any CPU
		{1B4A08C5-B744-4676-B8C9-C752BE91EAF9}.Release|Any CPU.Build.0 = Release|Any CPU
		{1B4A08C5-B744-4676-B8C9-C752BE91EAF9}.Release|x64.ActiveCfg = Release|Any CPU
		{1B4A08C5-B744-4676-B8C9-C752BE91EAF9}.Release|x64.Build.0 = Release|Any CPU
		{1B4A08C5-B744-4676-B8C9-C752BE91EAF9}.Release|x86.ActiveCfg = Release|Any CPU
		{1B4A08C5-B744-4676-B8C9-C752BE91EAF9}.Release|x86.Build.0 = Release|Any CPU
		{B8993BE0-61FF-443E-A809-311229D6DEF0}.Debug|Any CPU.ActiveCfg = Debug|Any CPU
		{B8993BE0-61FF-443E-A809-311229D6DEF0}.Debug|Any CPU.Build.0 = Debug|Any CPU
		{B8993BE0-61FF-443E-A809-311229D6DEF0}.Debug|x64.ActiveCfg = Debug|Any CPU
		{B8993BE0-61FF-443E-A809-311229D6DEF0}.Debug|x64.Build.0 = Debug|Any CPU
		{B8993BE0-61FF-443E-A809-311229D6DEF0}.Debug|x86.ActiveCfg = Debug|Any CPU
		{B8993BE0-61FF-443E-A809-311229D6DEF0}.Debug|x86.Build.0 = Debug|Any CPU
		{B8993BE0-61FF-443E-A809-311229D6DEF0}.Release|Any CPU.ActiveCfg = Release|Any CPU
		{B8993BE0-61FF-443E-A809-311229D6DEF0}.Release|Any CPU.Build.0 = Release|Any CPU
		{B8993BE0-61FF-443E-A809-311229D6DEF0}.Release|x64.ActiveCfg = Release|Any CPU
		{B8993BE0-61FF-443E-A809-311229D6DEF0}.Release|x64.Build.0 = Release|Any CPU
		{B8993BE0-61FF-443E-A809-311229D6DEF0}.Release|x86.ActiveCfg = Release|Any CPU
		{B8993BE0-61FF-443E-A809-311229D6DEF0}.Release|x86.Build.0 = Release|Any CPU
		{52889AFC-CC88-4CEE-9FF3-D88FD79B0502}.Debug|Any CPU.ActiveCfg = Debug|Any CPU
		{52889AFC-CC88-4CEE-9FF3-D88FD79B0502}.Debug|Any CPU.Build.0 = Debug|Any CPU
		{52889AFC-CC88-4CEE-9FF3-D88FD79B0502}.Debug|x64.ActiveCfg = Debug|Any CPU
		{52889AFC-CC88-4CEE-9FF3-D88FD79B0502}.Debug|x64.Build.0 = Debug|Any CPU
		{52889AFC-CC88-4CEE-9FF3-D88FD79B0502}.Debug|x86.ActiveCfg = Debug|Any CPU
		{52889AFC-CC88-4CEE-9FF3-D88FD79B0502}.Debug|x86.Build.0 = Debug|Any CPU
		{52889AFC-CC88-4CEE-9FF3-D88FD79B0502}.Release|Any CPU.ActiveCfg = Release|Any CPU
		{52889AFC-CC88-4CEE-9FF3-D88FD79B0502}.Release|Any CPU.Build.0 = Release|Any CPU
		{52889AFC-CC88-4CEE-9FF3-D88FD79B0502}.Release|x64.ActiveCfg = Release|Any CPU
		{52889AFC-CC88-4CEE-9FF3-D88FD79B0502}.Release|x64.Build.0 = Release|Any CPU
		{52889AFC-CC88-4CEE-9FF3-D88FD79B0502}.Release|x86.ActiveCfg = Release|Any CPU
		{52889AFC-CC88-4CEE-9FF3-D88FD79B0502}.Release|x86.Build.0 = Release|Any CPU
		{F3A608BF-D382-471C-864E-5DEF49D25315}.Debug|Any CPU.ActiveCfg = Debug|Any CPU
		{F3A608BF-D382-471C-864E-5DEF49D25315}.Debug|Any CPU.Build.0 = Debug|Any CPU
		{F3A608BF-D382-471C-864E-5DEF49D25315}.Debug|x64.ActiveCfg = Debug|Any CPU
		{F3A608BF-D382-471C-864E-5DEF49D25315}.Debug|x64.Build.0 = Debug|Any CPU
		{F3A608BF-D382-471C-864E-5DEF49D25315}.Debug|x86.ActiveCfg = Debug|Any CPU
		{F3A608BF-D382-471C-864E-5DEF49D25315}.Debug|x86.Build.0 = Debug|Any CPU
		{F3A608BF-D382-471C-864E-5DEF49D25315}.Release|Any CPU.ActiveCfg = Release|Any CPU
		{F3A608BF-D382-471C-864E-5DEF49D25315}.Release|Any CPU.Build.0 = Release|Any CPU
		{F3A608BF-D382-471C-864E-5DEF49D25315}.Release|x64.ActiveCfg = Release|Any CPU
		{F3A608BF-D382-471C-864E-5DEF49D25315}.Release|x64.Build.0 = Release|Any CPU
		{F3A608BF-D382-471C-864E-5DEF49D25315}.Release|x86.ActiveCfg = Release|Any CPU
		{F3A608BF-D382-471C-864E-5DEF49D25315}.Release|x86.Build.0 = Release|Any CPU
	EndGlobalSection
	GlobalSection(SolutionProperties) = preSolution
		HideSolutionNode = FALSE
	EndGlobalSection
	GlobalSection(NestedProjects) = preSolution
		{52889AFC-CC88-4CEE-9FF3-D88FD79B0502} = {D9DBC00D-FDA0-40D4-B4A9-C808516E529A}
		{F3A608BF-D382-471C-864E-5DEF49D25315} = {D9DBC00D-FDA0-40D4-B4A9-C808516E529A}
	EndGlobalSection
	GlobalSection(ExtensibilityGlobals) = postSolution
		SolutionGuid = {F1D40680-CF61-40DE-A983-1F6C12E4B93B}
	EndGlobalSection
EndGlobal
